// !$*UTF8*$!
{
	archiveVersion = 1;
	classes = {
	};
	objectVersion = 46;
	objects = {

/* Begin PBXBuildFile section */
		04404ACD3CDE4E16A8CE4C1E /* Pods_Never_Forget.framework in Frameworks */ = {isa = PBXBuildFile; fileRef = FDF8463898E700978DB53F06 /* Pods_Never_Forget.framework */; };
		F3040EE91F23F41E000696F9 /* AddMissingChildViewController+DropdownMenu.swift in Sources */ = {isa = PBXBuildFile; fileRef = F3040EE81F23F41E000696F9 /* AddMissingChildViewController+DropdownMenu.swift */; };
		F307DB091F25CA5C0063D01D /* MissingChild.swift in Sources */ = {isa = PBXBuildFile; fileRef = F307DB081F25CA5C0063D01D /* MissingChild.swift */; };
		F307DB0B1F25CA750063D01D /* MissingChildReporter.swift in Sources */ = {isa = PBXBuildFile; fileRef = F307DB0A1F25CA750063D01D /* MissingChildReporter.swift */; };
		F3910C6C1F207FEB009C6810 /* AppDelegate.swift in Sources */ = {isa = PBXBuildFile; fileRef = F3910C6B1F207FEB009C6810 /* AppDelegate.swift */; };
		F3910C6E1F207FEB009C6810 /* MissingChildrenFeedViewController.swift in Sources */ = {isa = PBXBuildFile; fileRef = F3910C6D1F207FEB009C6810 /* MissingChildrenFeedViewController.swift */; };
		F3910C701F207FEB009C6810 /* MissingChildrenMapViewController.swift in Sources */ = {isa = PBXBuildFile; fileRef = F3910C6F1F207FEB009C6810 /* MissingChildrenMapViewController.swift */; };
		F3910C731F207FEB009C6810 /* Main.storyboard in Resources */ = {isa = PBXBuildFile; fileRef = F3910C711F207FEB009C6810 /* Main.storyboard */; };
		F3910C751F207FEB009C6810 /* Assets.xcassets in Resources */ = {isa = PBXBuildFile; fileRef = F3910C741F207FEB009C6810 /* Assets.xcassets */; };
		F3910C781F207FEB009C6810 /* LaunchScreen.storyboard in Resources */ = {isa = PBXBuildFile; fileRef = F3910C761F207FEB009C6810 /* LaunchScreen.storyboard */; };
		F3910C861F209274009C6810 /* LoginViewController.swift in Sources */ = {isa = PBXBuildFile; fileRef = F3910C851F209274009C6810 /* LoginViewController.swift */; };
		F3910C881F2092D7009C6810 /* RegisterViewController.swift in Sources */ = {isa = PBXBuildFile; fileRef = F3910C871F2092D6009C6810 /* RegisterViewController.swift */; };
		F3910C911F20A0D9009C6810 /* GoogleService-Info.plist in Resources */ = {isa = PBXBuildFile; fileRef = F3910C901F20A0D9009C6810 /* GoogleService-Info.plist */; };
		F3910C951F20A4B1009C6810 /* Podfile in Resources */ = {isa = PBXBuildFile; fileRef = F3910C941F20A4B1009C6810 /* Podfile */; };
		F3910C981F20AC15009C6810 /* UIViewController+Utils.swift in Sources */ = {isa = PBXBuildFile; fileRef = F3910C971F20AC15009C6810 /* UIViewController+Utils.swift */; };
		F3910C9B1F21CE88009C6810 /* AddMissingChildViewController.swift in Sources */ = {isa = PBXBuildFile; fileRef = F3910C9A1F21CE88009C6810 /* AddMissingChildViewController.swift */; };
/* End PBXBuildFile section */

/* Begin PBXFileReference section */
		606756346873E45756BF5C7D /* Pods-Never Forget.release.xcconfig */ = {isa = PBXFileReference; includeInIndex = 1; lastKnownFileType = text.xcconfig; name = "Pods-Never Forget.release.xcconfig"; path = "Pods/Target Support Files/Pods-Never Forget/Pods-Never Forget.release.xcconfig"; sourceTree = "<group>"; };
		A7DF6E768F2A5DF28BDBCA80 /* Pods-Never Forget.debug.xcconfig */ = {isa = PBXFileReference; includeInIndex = 1; lastKnownFileType = text.xcconfig; name = "Pods-Never Forget.debug.xcconfig"; path = "Pods/Target Support Files/Pods-Never Forget/Pods-Never Forget.debug.xcconfig"; sourceTree = "<group>"; };
		F3040EE81F23F41E000696F9 /* AddMissingChildViewController+DropdownMenu.swift */ = {isa = PBXFileReference; fileEncoding = 4; lastKnownFileType = sourcecode.swift; path = "AddMissingChildViewController+DropdownMenu.swift"; sourceTree = "<group>"; };
		F307DB081F25CA5C0063D01D /* MissingChild.swift */ = {isa = PBXFileReference; fileEncoding = 4; lastKnownFileType = sourcecode.swift; path = MissingChild.swift; sourceTree = "<group>"; };
		F307DB0A1F25CA750063D01D /* MissingChildReporter.swift */ = {isa = PBXFileReference; fileEncoding = 4; lastKnownFileType = sourcecode.swift; path = MissingChildReporter.swift; sourceTree = "<group>"; };
		F3910C681F207FEB009C6810 /* Never Forget.app */ = {isa = PBXFileReference; explicitFileType = wrapper.application; includeInIndex = 0; path = "Never Forget.app"; sourceTree = BUILT_PRODUCTS_DIR; };
		F3910C6B1F207FEB009C6810 /* AppDelegate.swift */ = {isa = PBXFileReference; lastKnownFileType = sourcecode.swift; path = AppDelegate.swift; sourceTree = "<group>"; };
		F3910C6D1F207FEB009C6810 /* MissingChildrenFeedViewController.swift */ = {isa = PBXFileReference; lastKnownFileType = sourcecode.swift; path = MissingChildrenFeedViewController.swift; sourceTree = "<group>"; };
		F3910C6F1F207FEB009C6810 /* MissingChildrenMapViewController.swift */ = {isa = PBXFileReference; lastKnownFileType = sourcecode.swift; path = MissingChildrenMapViewController.swift; sourceTree = "<group>"; };
		F3910C721F207FEB009C6810 /* Base */ = {isa = PBXFileReference; lastKnownFileType = file.storyboard; name = Base; path = Base.lproj/Main.storyboard; sourceTree = "<group>"; };
		F3910C741F207FEB009C6810 /* Assets.xcassets */ = {isa = PBXFileReference; lastKnownFileType = folder.assetcatalog; path = Assets.xcassets; sourceTree = "<group>"; };
		F3910C771F207FEB009C6810 /* Base */ = {isa = PBXFileReference; lastKnownFileType = file.storyboard; name = Base; path = Base.lproj/LaunchScreen.storyboard; sourceTree = "<group>"; };
		F3910C791F207FEB009C6810 /* Info.plist */ = {isa = PBXFileReference; lastKnownFileType = text.plist.xml; path = Info.plist; sourceTree = "<group>"; };
		F3910C851F209274009C6810 /* LoginViewController.swift */ = {isa = PBXFileReference; fileEncoding = 4; lastKnownFileType = sourcecode.swift; path = LoginViewController.swift; sourceTree = "<group>"; };
		F3910C871F2092D6009C6810 /* RegisterViewController.swift */ = {isa = PBXFileReference; fileEncoding = 4; lastKnownFileType = sourcecode.swift; path = RegisterViewController.swift; sourceTree = "<group>"; };
		F3910C901F20A0D9009C6810 /* GoogleService-Info.plist */ = {isa = PBXFileReference; fileEncoding = 4; lastKnownFileType = text.plist.xml; name = "GoogleService-Info.plist"; path = "../../../../../../Downloads/GoogleService-Info.plist"; sourceTree = "<group>"; };
		F3910C941F20A4B1009C6810 /* Podfile */ = {isa = PBXFileReference; fileEncoding = 4; lastKnownFileType = text; path = Podfile; sourceTree = "<group>"; xcLanguageSpecificationIdentifier = xcode.lang.ruby; };
		F3910C971F20AC15009C6810 /* UIViewController+Utils.swift */ = {isa = PBXFileReference; fileEncoding = 4; lastKnownFileType = sourcecode.swift; path = "UIViewController+Utils.swift"; sourceTree = "<group>"; };
		F3910C9A1F21CE88009C6810 /* AddMissingChildViewController.swift */ = {isa = PBXFileReference; fileEncoding = 4; lastKnownFileType = sourcecode.swift; path = AddMissingChildViewController.swift; sourceTree = "<group>"; };
		FDF8463898E700978DB53F06 /* Pods_Never_Forget.framework */ = {isa = PBXFileReference; explicitFileType = wrapper.framework; includeInIndex = 0; path = Pods_Never_Forget.framework; sourceTree = BUILT_PRODUCTS_DIR; };
/* End PBXFileReference section */

/* Begin PBXFrameworksBuildPhase section */
		F3910C651F207FEB009C6810 /* Frameworks */ = {
			isa = PBXFrameworksBuildPhase;
			buildActionMask = 2147483647;
			files = (
				04404ACD3CDE4E16A8CE4C1E /* Pods_Never_Forget.framework in Frameworks */,
			);
			runOnlyForDeploymentPostprocessing = 0;
		};
/* End PBXFrameworksBuildPhase section */

/* Begin PBXGroup section */
		BED63A25A1DB950ADDDAFFDC /* Pods */ = {
			isa = PBXGroup;
			children = (
				A7DF6E768F2A5DF28BDBCA80 /* Pods-Never Forget.debug.xcconfig */,
				606756346873E45756BF5C7D /* Pods-Never Forget.release.xcconfig */,
			);
			name = Pods;
			sourceTree = "<group>";
		};
		DB3814C9D065973E3F587284 /* Frameworks */ = {
			isa = PBXGroup;
			children = (
				FDF8463898E700978DB53F06 /* Pods_Never_Forget.framework */,
			);
			name = Frameworks;
			sourceTree = "<group>";
		};
		F3910C5F1F207FEB009C6810 = {
			isa = PBXGroup;
			children = (
				F3910C941F20A4B1009C6810 /* Podfile */,
				F3910C6A1F207FEB009C6810 /* Never Forget */,
				F3910C691F207FEB009C6810 /* Products */,
				BED63A25A1DB950ADDDAFFDC /* Pods */,
				DB3814C9D065973E3F587284 /* Frameworks */,
			);
			sourceTree = "<group>";
		};
		F3910C691F207FEB009C6810 /* Products */ = {
			isa = PBXGroup;
			children = (
				F3910C681F207FEB009C6810 /* Never Forget.app */,
			);
			name = Products;
			sourceTree = "<group>";
		};
		F3910C6A1F207FEB009C6810 /* Never Forget */ = {
			isa = PBXGroup;
			children = (
				F3910C7F1F20842E009C6810 /* Model */,
				F3910C801F20843A009C6810 /* View */,
				F3910C811F208443009C6810 /* Controller */,
				F3910C821F20844B009C6810 /* Storyboards */,
				F3910C831F2084A3009C6810 /* Assets */,
				F3910C841F2084D0009C6810 /* Supporting Files */,
				F3910C6B1F207FEB009C6810 /* AppDelegate.swift */,
			);
			path = "Never Forget";
			sourceTree = "<group>";
		};
		F3910C7F1F20842E009C6810 /* Model */ = {
			isa = PBXGroup;
			children = (
				F307DB081F25CA5C0063D01D /* MissingChild.swift */,
				F307DB0A1F25CA750063D01D /* MissingChildReporter.swift */,
			);
			name = Model;
			sourceTree = "<group>";
		};
		F3910C801F20843A009C6810 /* View */ = {
			isa = PBXGroup;
			children = (
			);
			name = View;
			sourceTree = "<group>";
		};
		F3910C811F208443009C6810 /* Controller */ = {
			isa = PBXGroup;
			children = (
				F3910C991F21CE55009C6810 /* Add Missing Child */,
				F3910C891F2092FC009C6810 /* Login */,
				F3910C8A1F20933C009C6810 /* Missing Children Map */,
				F3910C8B1F209345009C6810 /* Missing Children Feed */,
				F3910C961F20ABEE009C6810 /* Utils */,
			);
			name = Controller;
			sourceTree = "<group>";
		};
		F3910C821F20844B009C6810 /* Storyboards */ = {
			isa = PBXGroup;
			children = (
				F3910C711F207FEB009C6810 /* Main.storyboard */,
				F3910C761F207FEB009C6810 /* LaunchScreen.storyboard */,
			);
			name = Storyboards;
			sourceTree = "<group>";
		};
		F3910C831F2084A3009C6810 /* Assets */ = {
			isa = PBXGroup;
			children = (
				F3910C741F207FEB009C6810 /* Assets.xcassets */,
			);
			name = Assets;
			sourceTree = "<group>";
		};
		F3910C841F2084D0009C6810 /* Supporting Files */ = {
			isa = PBXGroup;
			children = (
				F3910C901F20A0D9009C6810 /* GoogleService-Info.plist */,
				F3910C791F207FEB009C6810 /* Info.plist */,
			);
			name = "Supporting Files";
			sourceTree = "<group>";
		};
		F3910C891F2092FC009C6810 /* Login */ = {
			isa = PBXGroup;
			children = (
				F3910C851F209274009C6810 /* LoginViewController.swift */,
				F3910C871F2092D6009C6810 /* RegisterViewController.swift */,
			);
			name = Login;
			sourceTree = "<group>";
		};
		F3910C8A1F20933C009C6810 /* Missing Children Map */ = {
			isa = PBXGroup;
			children = (
				F3910C6F1F207FEB009C6810 /* MissingChildrenMapViewController.swift */,
			);
			name = "Missing Children Map";
			sourceTree = "<group>";
		};
		F3910C8B1F209345009C6810 /* Missing Children Feed */ = {
			isa = PBXGroup;
			children = (
				F3910C6D1F207FEB009C6810 /* MissingChildrenFeedViewController.swift */,
			);
			name = "Missing Children Feed";
			sourceTree = "<group>";
		};
		F3910C961F20ABEE009C6810 /* Utils */ = {
			isa = PBXGroup;
			children = (
				F3910C971F20AC15009C6810 /* UIViewController+Utils.swift */,
			);
			name = Utils;
			sourceTree = "<group>";
		};
		F3910C991F21CE55009C6810 /* Add Missing Child */ = {
			isa = PBXGroup;
			children = (
				F3910C9A1F21CE88009C6810 /* AddMissingChildViewController.swift */,
				F3040EE81F23F41E000696F9 /* AddMissingChildViewController+DropdownMenu.swift */,
			);
			name = "Add Missing Child";
			sourceTree = "<group>";
		};
/* End PBXGroup section */

/* Begin PBXNativeTarget section */
		F3910C671F207FEB009C6810 /* Never Forget */ = {
			isa = PBXNativeTarget;
			buildConfigurationList = F3910C7C1F207FEB009C6810 /* Build configuration list for PBXNativeTarget "Never Forget" */;
			buildPhases = (
				8C3769EBF7416F14A42AE512 /* [CP] Check Pods Manifest.lock */,
				F3910C641F207FEB009C6810 /* Sources */,
				F3910C651F207FEB009C6810 /* Frameworks */,
				F3910C661F207FEB009C6810 /* Resources */,
				D0912718AD27C29C4A5EEFE1 /* [CP] Embed Pods Frameworks */,
				CBAF1D869E7D1C84C19A7D4C /* [CP] Copy Pods Resources */,
			);
			buildRules = (
			);
			dependencies = (
			);
			name = "Never Forget";
			productName = "Never Forget";
			productReference = F3910C681F207FEB009C6810 /* Never Forget.app */;
			productType = "com.apple.product-type.application";
		};
/* End PBXNativeTarget section */

/* Begin PBXProject section */
		F3910C601F207FEB009C6810 /* Project object */ = {
			isa = PBXProject;
			attributes = {
				LastSwiftUpdateCheck = 0830;
				LastUpgradeCheck = 0830;
				ORGANIZATIONNAME = Omeileo;
				TargetAttributes = {
					F3910C671F207FEB009C6810 = {
						CreatedOnToolsVersion = 8.3.3;
						DevelopmentTeam = ZPFHBBTQY8;
						ProvisioningStyle = Automatic;
					};
				};
			};
			buildConfigurationList = F3910C631F207FEB009C6810 /* Build configuration list for PBXProject "Never Forget" */;
			compatibilityVersion = "Xcode 3.2";
			developmentRegion = English;
			hasScannedForEncodings = 0;
			knownRegions = (
				en,
				Base,
			);
			mainGroup = F3910C5F1F207FEB009C6810;
			productRefGroup = F3910C691F207FEB009C6810 /* Products */;
			projectDirPath = "";
			projectRoot = "";
			targets = (
				F3910C671F207FEB009C6810 /* Never Forget */,
			);
		};
/* End PBXProject section */

/* Begin PBXResourcesBuildPhase section */
		F3910C661F207FEB009C6810 /* Resources */ = {
			isa = PBXResourcesBuildPhase;
			buildActionMask = 2147483647;
			files = (
				F3910C951F20A4B1009C6810 /* Podfile in Resources */,
				F3910C781F207FEB009C6810 /* LaunchScreen.storyboard in Resources */,
				F3910C911F20A0D9009C6810 /* GoogleService-Info.plist in Resources */,
				F3910C751F207FEB009C6810 /* Assets.xcassets in Resources */,
				F3910C731F207FEB009C6810 /* Main.storyboard in Resources */,
			);
			runOnlyForDeploymentPostprocessing = 0;
		};
/* End PBXResourcesBuildPhase section */

/* Begin PBXShellScriptBuildPhase section */
		8C3769EBF7416F14A42AE512 /* [CP] Check Pods Manifest.lock */ = {
			isa = PBXShellScriptBuildPhase;
			buildActionMask = 2147483647;
			files = (
			);
			inputPaths = (
			);
			name = "[CP] Check Pods Manifest.lock";
			outputPaths = (
			);
			runOnlyForDeploymentPostprocessing = 0;
			shellPath = /bin/sh;
			shellScript = "diff \"${PODS_PODFILE_DIR_PATH}/Podfile.lock\" \"${PODS_ROOT}/Manifest.lock\" > /dev/null\nif [ $? != 0 ] ; then\n    # print error to STDERR\n    echo \"error: The sandbox is not in sync with the Podfile.lock. Run 'pod install' or update your CocoaPods installation.\" >&2\n    exit 1\nfi\n";
			showEnvVarsInLog = 0;
		};
		CBAF1D869E7D1C84C19A7D4C /* [CP] Copy Pods Resources */ = {
			isa = PBXShellScriptBuildPhase;
			buildActionMask = 2147483647;
			files = (
			);
			inputPaths = (
			);
			name = "[CP] Copy Pods Resources";
			outputPaths = (
			);
			runOnlyForDeploymentPostprocessing = 0;
			shellPath = /bin/sh;
			shellScript = "\"${SRCROOT}/Pods/Target Support Files/Pods-Never Forget/Pods-Never Forget-resources.sh\"\n";
			showEnvVarsInLog = 0;
		};
		D0912718AD27C29C4A5EEFE1 /* [CP] Embed Pods Frameworks */ = {
			isa = PBXShellScriptBuildPhase;
			buildActionMask = 2147483647;
			files = (
			);
			inputPaths = (
			);
			name = "[CP] Embed Pods Frameworks";
			outputPaths = (
			);
			runOnlyForDeploymentPostprocessing = 0;
			shellPath = /bin/sh;
			shellScript = "\"${SRCROOT}/Pods/Target Support Files/Pods-Never Forget/Pods-Never Forget-frameworks.sh\"\n";
			showEnvVarsInLog = 0;
		};
/* End PBXShellScriptBuildPhase section */

/* Begin PBXSourcesBuildPhase section */
		F3910C641F207FEB009C6810 /* Sources */ = {
			isa = PBXSourcesBuildPhase;
			buildActionMask = 2147483647;
			files = (
				F307DB0B1F25CA750063D01D /* MissingChildReporter.swift in Sources */,
				F3910C861F209274009C6810 /* LoginViewController.swift in Sources */,
				F3910C881F2092D7009C6810 /* RegisterViewController.swift in Sources */,
				F307DB091F25CA5C0063D01D /* MissingChild.swift in Sources */,
				F3910C981F20AC15009C6810 /* UIViewController+Utils.swift in Sources */,
				F3910C701F207FEB009C6810 /* MissingChildrenMapViewController.swift in Sources */,
				F3910C6C1F207FEB009C6810 /* AppDelegate.swift in Sources */,
				F3910C9B1F21CE88009C6810 /* AddMissingChildViewController.swift in Sources */,
				F3040EE91F23F41E000696F9 /* AddMissingChildViewController+DropdownMenu.swift in Sources */,
				F3910C6E1F207FEB009C6810 /* MissingChildrenFeedViewController.swift in Sources */,
			);
			runOnlyForDeploymentPostprocessing = 0;
		};
/* End PBXSourcesBuildPhase section */

/* Begin PBXVariantGroup section */
		F3910C711F207FEB009C6810 /* Main.storyboard */ = {
			isa = PBXVariantGroup;
			children = (
				F3910C721F207FEB009C6810 /* Base */,
			);
			name = Main.storyboard;
			sourceTree = "<group>";
		};
		F3910C761F207FEB009C6810 /* LaunchScreen.storyboard */ = {
			isa = PBXVariantGroup;
			children = (
				F3910C771F207FEB009C6810 /* Base */,
			);
			name = LaunchScreen.storyboard;
			sourceTree = "<group>";
		};
/* End PBXVariantGroup section */

/* Begin XCBuildConfiguration section */
		F3910C7A1F207FEB009C6810 /* Debug */ = {
			isa = XCBuildConfiguration;
			buildSettings = {
				ALWAYS_SEARCH_USER_PATHS = NO;
				CLANG_ANALYZER_NONNULL = YES;
				CLANG_ANALYZER_NUMBER_OBJECT_CONVERSION = YES_AGGRESSIVE;
				CLANG_CXX_LANGUAGE_STANDARD = "gnu++0x";
				CLANG_CXX_LIBRARY = "libc++";
				CLANG_ENABLE_MODULES = YES;
				CLANG_ENABLE_OBJC_ARC = YES;
				CLANG_WARN_BOOL_CONVERSION = YES;
				CLANG_WARN_CONSTANT_CONVERSION = YES;
				CLANG_WARN_DIRECT_OBJC_ISA_USAGE = YES_ERROR;
				CLANG_WARN_DOCUMENTATION_COMMENTS = YES;
				CLANG_WARN_EMPTY_BODY = YES;
				CLANG_WARN_ENUM_CONVERSION = YES;
				CLANG_WARN_INFINITE_RECURSION = YES;
				CLANG_WARN_INT_CONVERSION = YES;
				CLANG_WARN_OBJC_ROOT_CLASS = YES_ERROR;
				CLANG_WARN_SUSPICIOUS_MOVE = YES;
				CLANG_WARN_UNREACHABLE_CODE = YES;
				CLANG_WARN__DUPLICATE_METHOD_MATCH = YES;
				"CODE_SIGN_IDENTITY[sdk=iphoneos*]" = "iPhone Developer";
				COPY_PHASE_STRIP = NO;
				DEBUG_INFORMATION_FORMAT = dwarf;
				ENABLE_STRICT_OBJC_MSGSEND = YES;
				ENABLE_TESTABILITY = YES;
				GCC_C_LANGUAGE_STANDARD = gnu99;
				GCC_DYNAMIC_NO_PIC = NO;
				GCC_NO_COMMON_BLOCKS = YES;
				GCC_OPTIMIZATION_LEVEL = 0;
				GCC_PREPROCESSOR_DEFINITIONS = (
					"DEBUG=1",
					"$(inherited)",
				);
				GCC_WARN_64_TO_32_BIT_CONVERSION = YES;
				GCC_WARN_ABOUT_RETURN_TYPE = YES_ERROR;
				GCC_WARN_UNDECLARED_SELECTOR = YES;
				GCC_WARN_UNINITIALIZED_AUTOS = YES_AGGRESSIVE;
				GCC_WARN_UNUSED_FUNCTION = YES;
				GCC_WARN_UNUSED_VARIABLE = YES;
				IPHONEOS_DEPLOYMENT_TARGET = 10.3;
				MTL_ENABLE_DEBUG_INFO = YES;
				ONLY_ACTIVE_ARCH = YES;
				SDKROOT = iphoneos;
				SWIFT_ACTIVE_COMPILATION_CONDITIONS = DEBUG;
				SWIFT_OPTIMIZATION_LEVEL = "-Onone";
				TARGETED_DEVICE_FAMILY = "1,2";
			};
			name = Debug;
		};
		F3910C7B1F207FEB009C6810 /* Release */ = {
			isa = XCBuildConfiguration;
			buildSettings = {
				ALWAYS_SEARCH_USER_PATHS = NO;
				CLANG_ANALYZER_NONNULL = YES;
				CLANG_ANALYZER_NUMBER_OBJECT_CONVERSION = YES_AGGRESSIVE;
				CLANG_CXX_LANGUAGE_STANDARD = "gnu++0x";
				CLANG_CXX_LIBRARY = "libc++";
				CLANG_ENABLE_MODULES = YES;
				CLANG_ENABLE_OBJC_ARC = YES;
				CLANG_WARN_BOOL_CONVERSION = YES;
				CLANG_WARN_CONSTANT_CONVERSION = YES;
				CLANG_WARN_DIRECT_OBJC_ISA_USAGE = YES_ERROR;
				CLANG_WARN_DOCUMENTATION_COMMENTS = YES;
				CLANG_WARN_EMPTY_BODY = YES;
				CLANG_WARN_ENUM_CONVERSION = YES;
				CLANG_WARN_INFINITE_RECURSION = YES;
				CLANG_WARN_INT_CONVERSION = YES;
				CLANG_WARN_OBJC_ROOT_CLASS = YES_ERROR;
				CLANG_WARN_SUSPICIOUS_MOVE = YES;
				CLANG_WARN_UNREACHABLE_CODE = YES;
				CLANG_WARN__DUPLICATE_METHOD_MATCH = YES;
				"CODE_SIGN_IDENTITY[sdk=iphoneos*]" = "iPhone Developer";
				COPY_PHASE_STRIP = NO;
				DEBUG_INFORMATION_FORMAT = "dwarf-with-dsym";
				ENABLE_NS_ASSERTIONS = NO;
				ENABLE_STRICT_OBJC_MSGSEND = YES;
				GCC_C_LANGUAGE_STANDARD = gnu99;
				GCC_NO_COMMON_BLOCKS = YES;
				GCC_WARN_64_TO_32_BIT_CONVERSION = YES;
				GCC_WARN_ABOUT_RETURN_TYPE = YES_ERROR;
				GCC_WARN_UNDECLARED_SELECTOR = YES;
				GCC_WARN_UNINITIALIZED_AUTOS = YES_AGGRESSIVE;
				GCC_WARN_UNUSED_FUNCTION = YES;
				GCC_WARN_UNUSED_VARIABLE = YES;
				IPHONEOS_DEPLOYMENT_TARGET = 10.3;
				MTL_ENABLE_DEBUG_INFO = NO;
				SDKROOT = iphoneos;
				SWIFT_OPTIMIZATION_LEVEL = "-Owholemodule";
				TARGETED_DEVICE_FAMILY = "1,2";
				VALIDATE_PRODUCT = YES;
			};
			name = Release;
		};
		F3910C7D1F207FEB009C6810 /* Debug */ = {
			isa = XCBuildConfiguration;
			baseConfigurationReference = A7DF6E768F2A5DF28BDBCA80 /* Pods-Never Forget.debug.xcconfig */;
			buildSettings = {
				ASSETCATALOG_COMPILER_APPICON_NAME = AppIcon;
				DEVELOPMENT_TEAM = ZPFHBBTQY8;
				INFOPLIST_FILE = "Never Forget/Info.plist";
				LD_RUNPATH_SEARCH_PATHS = "$(inherited) @executable_path/Frameworks";
				PRODUCT_BUNDLE_IDENTIFIER = "com.omeileo.Never-Forget";
				PRODUCT_NAME = "$(TARGET_NAME)";
				SWIFT_VERSION = 3.0;
			};
			name = Debug;
		};
		F3910C7E1F207FEB009C6810 /* Release */ = {
			isa = XCBuildConfiguration;
			baseConfigurationReference = 606756346873E45756BF5C7D /* Pods-Never Forget.release.xcconfig */;
			buildSettings = {
				ASSETCATALOG_COMPILER_APPICON_NAME = AppIcon;
				DEVELOPMENT_TEAM = ZPFHBBTQY8;
				INFOPLIST_FILE = "Never Forget/Info.plist";
				LD_RUNPATH_SEARCH_PATHS = "$(inherited) @executable_path/Frameworks";
				PRODUCT_BUNDLE_IDENTIFIER = "com.omeileo.Never-Forget";
				PRODUCT_NAME = "$(TARGET_NAME)";
				SWIFT_VERSION = 3.0;
			};
			name = Release;
		};
/* End XCBuildConfiguration section */

/* Begin XCConfigurationList section */
		F3910C631F207FEB009C6810 /* Build configuration list for PBXProject "Never Forget" */ = {
			isa = XCConfigurationList;
			buildConfigurations = (
				F3910C7A1F207FEB009C6810 /* Debug */,
				F3910C7B1F207FEB009C6810 /* Release */,
			);
			defaultConfigurationIsVisible = 0;
			defaultConfigurationName = Release;
		};
		F3910C7C1F207FEB009C6810 /* Build configuration list for PBXNativeTarget "Never Forget" */ = {
			isa = XCConfigurationList;
			buildConfigurations = (
				F3910C7D1F207FEB009C6810 /* Debug */,
				F3910C7E1F207FEB009C6810 /* Release */,
			);
			defaultConfigurationIsVisible = 0;
			defaultConfigurationName = Release;
		};
/* End XCConfigurationList section */
	};
	rootObject = F3910C601F207FEB009C6810 /* Project object */;
}
